// !$*UTF8*$!
{
	archiveVersion = 1;
	classes = {
	};
	objectVersion = 46;
	objects = {

/* Begin PBXBuildFile section */
		A5672E041CBC8A6700ACC336 /* basictitlefont.ttf in Resources */ = {isa = PBXBuildFile; fileRef = A5672E031CBC8A6700ACC336 /* basictitlefont.ttf */; };
		A58EB85B1CB171910047D7DF /* GPSHelper.swift in Sources */ = {isa = PBXBuildFile; fileRef = A58EB85A1CB171910047D7DF /* GPSHelper.swift */; };
		A58EB85D1CB17CC50047D7DF /* SwiftSpinner.swift in Sources */ = {isa = PBXBuildFile; fileRef = A58EB85C1CB17CC50047D7DF /* SwiftSpinner.swift */; };
		A58EB85F1CB1840E0047D7DF /* CoreLocation.framework in Frameworks */ = {isa = PBXBuildFile; fileRef = A58EB85E1CB1840E0047D7DF /* CoreLocation.framework */; };
		A58EB8631CB1C1350047D7DF /* UIScrollView+EmptyDataSet.m in Sources */ = {isa = PBXBuildFile; fileRef = A58EB8621CB1C1350047D7DF /* UIScrollView+EmptyDataSet.m */; };
		A5B20B601CBDD1B10001F046 /* Social.framework in Frameworks */ = {isa = PBXBuildFile; fileRef = A5B20B5F1CBDD1B10001F046 /* Social.framework */; };
		A5C470AF1CD0115000E6AD22 /* JTSAnimatedGIFUtility.m in Sources */ = {isa = PBXBuildFile; fileRef = A5C470A41CD0115000E6AD22 /* JTSAnimatedGIFUtility.m */; };
		A5C470B01CD0115000E6AD22 /* JTSImageInfo.m in Sources */ = {isa = PBXBuildFile; fileRef = A5C470A61CD0115000E6AD22 /* JTSImageInfo.m */; };
		A5C470B11CD0115000E6AD22 /* JTSImageViewController.m in Sources */ = {isa = PBXBuildFile; fileRef = A5C470A81CD0115000E6AD22 /* JTSImageViewController.m */; };
		A5C470B21CD0115000E6AD22 /* JTSSimpleImageDownloader.m in Sources */ = {isa = PBXBuildFile; fileRef = A5C470AA1CD0115000E6AD22 /* JTSSimpleImageDownloader.m */; };
		A5C470B31CD0115000E6AD22 /* UIApplication+JTSImageViewController.m in Sources */ = {isa = PBXBuildFile; fileRef = A5C470AC1CD0115000E6AD22 /* UIApplication+JTSImageViewController.m */; };
		A5C470B41CD0115000E6AD22 /* UIImage+JTSImageEffects.m in Sources */ = {isa = PBXBuildFile; fileRef = A5C470AE1CD0115000E6AD22 /* UIImage+JTSImageEffects.m */; };
		A5C470B71CD0119D00E6AD22 /* SampleData.swift in Sources */ = {isa = PBXBuildFile; fileRef = A5C470B61CD0119D00E6AD22 /* SampleData.swift */; };
		A5C470C11CD011AC00E6AD22 /* bigben.jpg in Resources */ = {isa = PBXBuildFile; fileRef = A5C470B81CD011AC00E6AD22 /* bigben.jpg */; };
		A5C470C21CD011AC00E6AD22 /* eifeltower.jpg in Resources */ = {isa = PBXBuildFile; fileRef = A5C470B91CD011AC00E6AD22 /* eifeltower.jpg */; };
		A5C470C31CD011AC00E6AD22 /* eye.jpg in Resources */ = {isa = PBXBuildFile; fileRef = A5C470BA1CD011AC00E6AD22 /* eye.jpg */; };
		A5C470C41CD011AC00E6AD22 /* guard.jpg in Resources */ = {isa = PBXBuildFile; fileRef = A5C470BB1CD011AC00E6AD22 /* guard.jpg */; };
		A5C470C51CD011AC00E6AD22 /* hostel.jpg in Resources */ = {isa = PBXBuildFile; fileRef = A5C470BC1CD011AC00E6AD22 /* hostel.jpg */; };
		A5C470C61CD011AC00E6AD22 /* londonairport.jpg in Resources */ = {isa = PBXBuildFile; fileRef = A5C470BD1CD011AC00E6AD22 /* londonairport.jpg */; };
		A5C470C71CD011AC00E6AD22 /* lovebridge.jpg in Resources */ = {isa = PBXBuildFile; fileRef = A5C470BE1CD011AC00E6AD22 /* lovebridge.jpg */; };
		A5C470C81CD011AC00E6AD22 /* parisairport.jpg in Resources */ = {isa = PBXBuildFile; fileRef = A5C470BF1CD011AC00E6AD22 /* parisairport.jpg */; };
		A5C470C91CD011AC00E6AD22 /* phone.jpg in Resources */ = {isa = PBXBuildFile; fileRef = A5C470C01CD011AC00E6AD22 /* phone.jpg */; };
		A5C470D11CD087CD00E6AD22 /* NomadUITests.swift in Sources */ = {isa = PBXBuildFile; fileRef = A5C470D01CD087CD00E6AD22 /* NomadUITests.swift */; };
		A5C470DA1CD0883800E6AD22 /* SnapshotHelper.swift in Sources */ = {isa = PBXBuildFile; fileRef = A5C470D81CD0881C00E6AD22 /* SnapshotHelper.swift */; };
		A5D8FD6E1C795A4F0043EEF2 /* Trip.swift in Sources */ = {isa = PBXBuildFile; fileRef = A5D8FD6D1C795A4F0043EEF2 /* Trip.swift */; };
		A5D8FD701C795A880043EEF2 /* Entry.swift in Sources */ = {isa = PBXBuildFile; fileRef = A5D8FD6F1C795A880043EEF2 /* Entry.swift */; };
		A5D8FD721C795AAF0043EEF2 /* Photo.swift in Sources */ = {isa = PBXBuildFile; fileRef = A5D8FD711C795AAF0043EEF2 /* Photo.swift */; };
		A5D8FD741C795AC30043EEF2 /* Model.swift in Sources */ = {isa = PBXBuildFile; fileRef = A5D8FD731C795AC30043EEF2 /* Model.swift */; };
		A5DF20F91C7F8855009EBCC9 /* HomeViewController.swift in Sources */ = {isa = PBXBuildFile; fileRef = A5DF20F71C7F8855009EBCC9 /* HomeViewController.swift */; };
		A5DF20FA1C7F8855009EBCC9 /* HomeViewController.xib in Resources */ = {isa = PBXBuildFile; fileRef = A5DF20F81C7F8855009EBCC9 /* HomeViewController.xib */; };
		A5DF20FF1C7F88C1009EBCC9 /* TripsTableViewController.swift in Sources */ = {isa = PBXBuildFile; fileRef = A5DF20FD1C7F88C1009EBCC9 /* TripsTableViewController.swift */; };
		A5DF21001C7F88C1009EBCC9 /* TripsTableViewController.xib in Resources */ = {isa = PBXBuildFile; fileRef = A5DF20FE1C7F88C1009EBCC9 /* TripsTableViewController.xib */; };
		A5DF21031C7F88E3009EBCC9 /* TripViewController.swift in Sources */ = {isa = PBXBuildFile; fileRef = A5DF21011C7F88E3009EBCC9 /* TripViewController.swift */; };
		A5DF21041C7F88E3009EBCC9 /* TripViewController.xib in Resources */ = {isa = PBXBuildFile; fileRef = A5DF21021C7F88E3009EBCC9 /* TripViewController.xib */; };
		A5DF21071C7F892C009EBCC9 /* AddTripViewController.swift in Sources */ = {isa = PBXBuildFile; fileRef = A5DF21051C7F892C009EBCC9 /* AddTripViewController.swift */; };
		A5DF21081C7F892C009EBCC9 /* AddTripViewController.xib in Resources */ = {isa = PBXBuildFile; fileRef = A5DF21061C7F892C009EBCC9 /* AddTripViewController.xib */; };
		A5DF210B1C7F8940009EBCC9 /* AddEntryViewController.swift in Sources */ = {isa = PBXBuildFile; fileRef = A5DF21091C7F8940009EBCC9 /* AddEntryViewController.swift */; };
		A5DF210C1C7F8940009EBCC9 /* AddEntryViewController.xib in Resources */ = {isa = PBXBuildFile; fileRef = A5DF210A1C7F8940009EBCC9 /* AddEntryViewController.xib */; };
		A5DF210F1C7F895E009EBCC9 /* EntryTableViewController.swift in Sources */ = {isa = PBXBuildFile; fileRef = A5DF210D1C7F895E009EBCC9 /* EntryTableViewController.swift */; };
		A5DF21101C7F895E009EBCC9 /* EntryTableViewController.xib in Resources */ = {isa = PBXBuildFile; fileRef = A5DF210E1C7F895E009EBCC9 /* EntryTableViewController.xib */; };
		A5DF21131C7F8987009EBCC9 /* MapViewController.swift in Sources */ = {isa = PBXBuildFile; fileRef = A5DF21111C7F8987009EBCC9 /* MapViewController.swift */; };
		A5DF21141C7F8987009EBCC9 /* MapViewController.xib in Resources */ = {isa = PBXBuildFile; fileRef = A5DF21121C7F8987009EBCC9 /* MapViewController.xib */; };
		A5FC094E1C716B1700DF77D8 /* AppDelegate.swift in Sources */ = {isa = PBXBuildFile; fileRef = A5FC094D1C716B1700DF77D8 /* AppDelegate.swift */; };
		A5FC09501C716B1700DF77D8 /* ViewController.swift in Sources */ = {isa = PBXBuildFile; fileRef = A5FC094F1C716B1700DF77D8 /* ViewController.swift */; };
		A5FC09551C716B1700DF77D8 /* Assets.xcassets in Resources */ = {isa = PBXBuildFile; fileRef = A5FC09541C716B1700DF77D8 /* Assets.xcassets */; };
		A5FC09581C716B1700DF77D8 /* LaunchScreen.storyboard in Resources */ = {isa = PBXBuildFile; fileRef = A5FC09561C716B1700DF77D8 /* LaunchScreen.storyboard */; };
		A5FC09601C716C7300DF77D8 /* MapKit.framework in Frameworks */ = {isa = PBXBuildFile; fileRef = A5FC095F1C716C7300DF77D8 /* MapKit.framework */; };
		FC7B92C91CCF3A63008AAD31 /* AddEntryVC.swift in Sources */ = {isa = PBXBuildFile; fileRef = FC7B92C81CCF3A63008AAD31 /* AddEntryVC.swift */; };
		FC7B92CD1CCF3AC4008AAD31 /* AddEntryVC.xib in Resources */ = {isa = PBXBuildFile; fileRef = FC7B92CC1CCF3AC4008AAD31 /* AddEntryVC.xib */; };
		FCE145231C84D75600215DA7 /* EntryViewController.swift in Sources */ = {isa = PBXBuildFile; fileRef = FCE145221C84D75600215DA7 /* EntryViewController.swift */; };
		FCE145251C84D9BE00215DA7 /* EntryViewController.xib in Resources */ = {isa = PBXBuildFile; fileRef = FCE145241C84D9BE00215DA7 /* EntryViewController.xib */; };
/* End PBXBuildFile section */

/* Begin PBXContainerItemProxy section */
		A5C470D31CD087CD00E6AD22 /* PBXContainerItemProxy */ = {
			isa = PBXContainerItemProxy;
			containerPortal = A5FC09421C716B1700DF77D8 /* Project object */;
			proxyType = 1;
			remoteGlobalIDString = A5FC09491C716B1700DF77D8;
			remoteInfo = Nomad;
		};
/* End PBXContainerItemProxy section */

/* Begin PBXFileReference section */
		A5672E031CBC8A6700ACC336 /* basictitlefont.ttf */ = {isa = PBXFileReference; lastKnownFileType = file; path = basictitlefont.ttf; sourceTree = "<group>"; };
		A58EB85A1CB171910047D7DF /* GPSHelper.swift */ = {isa = PBXFileReference; fileEncoding = 4; lastKnownFileType = sourcecode.swift; name = GPSHelper.swift; path = Helpers/GPSHelper.swift; sourceTree = SOURCE_ROOT; };
		A58EB85C1CB17CC50047D7DF /* SwiftSpinner.swift */ = {isa = PBXFileReference; fileEncoding = 4; lastKnownFileType = sourcecode.swift; name = SwiftSpinner.swift; path = Helpers/SwiftSpinner.swift; sourceTree = "<group>"; };
		A58EB85E1CB1840E0047D7DF /* CoreLocation.framework */ = {isa = PBXFileReference; lastKnownFileType = wrapper.framework; name = CoreLocation.framework; path = System/Library/Frameworks/CoreLocation.framework; sourceTree = SDKROOT; };
		A58EB8601CB1C1340047D7DF /* Nomad-Bridging-Header.h */ = {isa = PBXFileReference; lastKnownFileType = sourcecode.c.h; path = "Nomad-Bridging-Header.h"; sourceTree = "<group>"; };
		A58EB8611CB1C1350047D7DF /* UIScrollView+EmptyDataSet.h */ = {isa = PBXFileReference; fileEncoding = 4; lastKnownFileType = sourcecode.c.h; path = "UIScrollView+EmptyDataSet.h"; sourceTree = "<group>"; };
		A58EB8621CB1C1350047D7DF /* UIScrollView+EmptyDataSet.m */ = {isa = PBXFileReference; fileEncoding = 4; lastKnownFileType = sourcecode.c.objc; path = "UIScrollView+EmptyDataSet.m"; sourceTree = "<group>"; };
		A5B20B5F1CBDD1B10001F046 /* Social.framework */ = {isa = PBXFileReference; lastKnownFileType = wrapper.framework; name = Social.framework; path = System/Library/Frameworks/Social.framework; sourceTree = SDKROOT; };
		A5C470A31CD0115000E6AD22 /* JTSAnimatedGIFUtility.h */ = {isa = PBXFileReference; fileEncoding = 4; lastKnownFileType = sourcecode.c.h; path = JTSAnimatedGIFUtility.h; sourceTree = "<group>"; };
		A5C470A41CD0115000E6AD22 /* JTSAnimatedGIFUtility.m */ = {isa = PBXFileReference; fileEncoding = 4; lastKnownFileType = sourcecode.c.objc; path = JTSAnimatedGIFUtility.m; sourceTree = "<group>"; };
		A5C470A51CD0115000E6AD22 /* JTSImageInfo.h */ = {isa = PBXFileReference; fileEncoding = 4; lastKnownFileType = sourcecode.c.h; path = JTSImageInfo.h; sourceTree = "<group>"; };
		A5C470A61CD0115000E6AD22 /* JTSImageInfo.m */ = {isa = PBXFileReference; fileEncoding = 4; lastKnownFileType = sourcecode.c.objc; path = JTSImageInfo.m; sourceTree = "<group>"; };
		A5C470A71CD0115000E6AD22 /* JTSImageViewController.h */ = {isa = PBXFileReference; fileEncoding = 4; lastKnownFileType = sourcecode.c.h; path = JTSImageViewController.h; sourceTree = "<group>"; };
		A5C470A81CD0115000E6AD22 /* JTSImageViewController.m */ = {isa = PBXFileReference; fileEncoding = 4; lastKnownFileType = sourcecode.c.objc; path = JTSImageViewController.m; sourceTree = "<group>"; };
		A5C470A91CD0115000E6AD22 /* JTSSimpleImageDownloader.h */ = {isa = PBXFileReference; fileEncoding = 4; lastKnownFileType = sourcecode.c.h; path = JTSSimpleImageDownloader.h; sourceTree = "<group>"; };
		A5C470AA1CD0115000E6AD22 /* JTSSimpleImageDownloader.m */ = {isa = PBXFileReference; fileEncoding = 4; lastKnownFileType = sourcecode.c.objc; path = JTSSimpleImageDownloader.m; sourceTree = "<group>"; };
		A5C470AB1CD0115000E6AD22 /* UIApplication+JTSImageViewController.h */ = {isa = PBXFileReference; fileEncoding = 4; lastKnownFileType = sourcecode.c.h; path = "UIApplication+JTSImageViewController.h"; sourceTree = "<group>"; };
		A5C470AC1CD0115000E6AD22 /* UIApplication+JTSImageViewController.m */ = {isa = PBXFileReference; fileEncoding = 4; lastKnownFileType = sourcecode.c.objc; path = "UIApplication+JTSImageViewController.m"; sourceTree = "<group>"; };
		A5C470AD1CD0115000E6AD22 /* UIImage+JTSImageEffects.h */ = {isa = PBXFileReference; fileEncoding = 4; lastKnownFileType = sourcecode.c.h; path = "UIImage+JTSImageEffects.h"; sourceTree = "<group>"; };
		A5C470AE1CD0115000E6AD22 /* UIImage+JTSImageEffects.m */ = {isa = PBXFileReference; fileEncoding = 4; lastKnownFileType = sourcecode.c.objc; path = "UIImage+JTSImageEffects.m"; sourceTree = "<group>"; };
		A5C470B61CD0119D00E6AD22 /* SampleData.swift */ = {isa = PBXFileReference; fileEncoding = 4; lastKnownFileType = sourcecode.swift; path = SampleData.swift; sourceTree = "<group>"; };
		A5C470B81CD011AC00E6AD22 /* bigben.jpg */ = {isa = PBXFileReference; lastKnownFileType = image.jpeg; path = bigben.jpg; sourceTree = "<group>"; };
		A5C470B91CD011AC00E6AD22 /* eifeltower.jpg */ = {isa = PBXFileReference; lastKnownFileType = image.jpeg; path = eifeltower.jpg; sourceTree = "<group>"; };
		A5C470BA1CD011AC00E6AD22 /* eye.jpg */ = {isa = PBXFileReference; lastKnownFileType = image.jpeg; path = eye.jpg; sourceTree = "<group>"; };
		A5C470BB1CD011AC00E6AD22 /* guard.jpg */ = {isa = PBXFileReference; lastKnownFileType = image.jpeg; path = guard.jpg; sourceTree = "<group>"; };
		A5C470BC1CD011AC00E6AD22 /* hostel.jpg */ = {isa = PBXFileReference; lastKnownFileType = image.jpeg; path = hostel.jpg; sourceTree = "<group>"; };
		A5C470BD1CD011AC00E6AD22 /* londonairport.jpg */ = {isa = PBXFileReference; lastKnownFileType = image.jpeg; path = londonairport.jpg; sourceTree = "<group>"; };
		A5C470BE1CD011AC00E6AD22 /* lovebridge.jpg */ = {isa = PBXFileReference; lastKnownFileType = image.jpeg; path = lovebridge.jpg; sourceTree = "<group>"; };
		A5C470BF1CD011AC00E6AD22 /* parisairport.jpg */ = {isa = PBXFileReference; lastKnownFileType = image.jpeg; path = parisairport.jpg; sourceTree = "<group>"; };
		A5C470C01CD011AC00E6AD22 /* phone.jpg */ = {isa = PBXFileReference; lastKnownFileType = image.jpeg; path = phone.jpg; sourceTree = "<group>"; };
		A5C470CE1CD087CC00E6AD22 /* NomadUITests.xctest */ = {isa = PBXFileReference; explicitFileType = wrapper.cfbundle; includeInIndex = 0; path = NomadUITests.xctest; sourceTree = BUILT_PRODUCTS_DIR; };
		A5C470D01CD087CD00E6AD22 /* NomadUITests.swift */ = {isa = PBXFileReference; lastKnownFileType = sourcecode.swift; path = NomadUITests.swift; sourceTree = "<group>"; };
		A5C470D21CD087CD00E6AD22 /* Info.plist */ = {isa = PBXFileReference; lastKnownFileType = text.plist.xml; path = Info.plist; sourceTree = "<group>"; };
		A5C470D81CD0881C00E6AD22 /* SnapshotHelper.swift */ = {isa = PBXFileReference; fileEncoding = 4; lastKnownFileType = sourcecode.swift; path = SnapshotHelper.swift; sourceTree = "<group>"; };
		A5D8FD6D1C795A4F0043EEF2 /* Trip.swift */ = {isa = PBXFileReference; fileEncoding = 4; lastKnownFileType = sourcecode.swift; path = Trip.swift; sourceTree = "<group>"; };
		A5D8FD6F1C795A880043EEF2 /* Entry.swift */ = {isa = PBXFileReference; fileEncoding = 4; lastKnownFileType = sourcecode.swift; path = Entry.swift; sourceTree = "<group>"; };
		A5D8FD711C795AAF0043EEF2 /* Photo.swift */ = {isa = PBXFileReference; fileEncoding = 4; lastKnownFileType = sourcecode.swift; path = Photo.swift; sourceTree = "<group>"; };
		A5D8FD731C795AC30043EEF2 /* Model.swift */ = {isa = PBXFileReference; fileEncoding = 4; lastKnownFileType = sourcecode.swift; path = Model.swift; sourceTree = "<group>"; };
		A5DF20F71C7F8855009EBCC9 /* HomeViewController.swift */ = {isa = PBXFileReference; fileEncoding = 4; lastKnownFileType = sourcecode.swift; path = HomeViewController.swift; sourceTree = "<group>"; };
		A5DF20F81C7F8855009EBCC9 /* HomeViewController.xib */ = {isa = PBXFileReference; fileEncoding = 4; lastKnownFileType = file.xib; path = HomeViewController.xib; sourceTree = "<group>"; };
		A5DF20FD1C7F88C1009EBCC9 /* TripsTableViewController.swift */ = {isa = PBXFileReference; fileEncoding = 4; lastKnownFileType = sourcecode.swift; path = TripsTableViewController.swift; sourceTree = "<group>"; };
		A5DF20FE1C7F88C1009EBCC9 /* TripsTableViewController.xib */ = {isa = PBXFileReference; fileEncoding = 4; lastKnownFileType = file.xib; path = TripsTableViewController.xib; sourceTree = "<group>"; };
		A5DF21011C7F88E3009EBCC9 /* TripViewController.swift */ = {isa = PBXFileReference; fileEncoding = 4; lastKnownFileType = sourcecode.swift; path = TripViewController.swift; sourceTree = "<group>"; };
		A5DF21021C7F88E3009EBCC9 /* TripViewController.xib */ = {isa = PBXFileReference; fileEncoding = 4; lastKnownFileType = file.xib; path = TripViewController.xib; sourceTree = "<group>"; };
		A5DF21051C7F892C009EBCC9 /* AddTripViewController.swift */ = {isa = PBXFileReference; fileEncoding = 4; lastKnownFileType = sourcecode.swift; path = AddTripViewController.swift; sourceTree = "<group>"; };
		A5DF21061C7F892C009EBCC9 /* AddTripViewController.xib */ = {isa = PBXFileReference; fileEncoding = 4; lastKnownFileType = file.xib; path = AddTripViewController.xib; sourceTree = "<group>"; };
		A5DF21091C7F8940009EBCC9 /* AddEntryViewController.swift */ = {isa = PBXFileReference; fileEncoding = 4; lastKnownFileType = sourcecode.swift; path = AddEntryViewController.swift; sourceTree = "<group>"; };
		A5DF210A1C7F8940009EBCC9 /* AddEntryViewController.xib */ = {isa = PBXFileReference; fileEncoding = 4; lastKnownFileType = file.xib; path = AddEntryViewController.xib; sourceTree = "<group>"; };
		A5DF210D1C7F895E009EBCC9 /* EntryTableViewController.swift */ = {isa = PBXFileReference; fileEncoding = 4; lastKnownFileType = sourcecode.swift; path = EntryTableViewController.swift; sourceTree = "<group>"; };
		A5DF210E1C7F895E009EBCC9 /* EntryTableViewController.xib */ = {isa = PBXFileReference; fileEncoding = 4; lastKnownFileType = file.xib; path = EntryTableViewController.xib; sourceTree = "<group>"; };
		A5DF21111C7F8987009EBCC9 /* MapViewController.swift */ = {isa = PBXFileReference; fileEncoding = 4; lastKnownFileType = sourcecode.swift; path = MapViewController.swift; sourceTree = "<group>"; };
		A5DF21121C7F8987009EBCC9 /* MapViewController.xib */ = {isa = PBXFileReference; fileEncoding = 4; lastKnownFileType = file.xib; path = MapViewController.xib; sourceTree = "<group>"; };
		A5FC094A1C716B1700DF77D8 /* Nomad.app */ = {isa = PBXFileReference; explicitFileType = wrapper.application; includeInIndex = 0; path = Nomad.app; sourceTree = BUILT_PRODUCTS_DIR; };
		A5FC094D1C716B1700DF77D8 /* AppDelegate.swift */ = {isa = PBXFileReference; lastKnownFileType = sourcecode.swift; path = AppDelegate.swift; sourceTree = "<group>"; };
		A5FC094F1C716B1700DF77D8 /* ViewController.swift */ = {isa = PBXFileReference; lastKnownFileType = sourcecode.swift; path = ViewController.swift; sourceTree = "<group>"; };
		A5FC09541C716B1700DF77D8 /* Assets.xcassets */ = {isa = PBXFileReference; lastKnownFileType = folder.assetcatalog; path = Assets.xcassets; sourceTree = "<group>"; };
		A5FC09571C716B1700DF77D8 /* Base */ = {isa = PBXFileReference; lastKnownFileType = file.storyboard; name = Base; path = Base.lproj/LaunchScreen.storyboard; sourceTree = "<group>"; };
		A5FC09591C716B1700DF77D8 /* Info.plist */ = {isa = PBXFileReference; lastKnownFileType = text.plist.xml; path = Info.plist; sourceTree = "<group>"; };
		A5FC095F1C716C7300DF77D8 /* MapKit.framework */ = {isa = PBXFileReference; lastKnownFileType = wrapper.framework; name = MapKit.framework; path = System/Library/Frameworks/MapKit.framework; sourceTree = SDKROOT; };
		FC7B92C81CCF3A63008AAD31 /* AddEntryVC.swift */ = {isa = PBXFileReference; fileEncoding = 4; lastKnownFileType = sourcecode.swift; path = AddEntryVC.swift; sourceTree = "<group>"; };
		FC7B92CC1CCF3AC4008AAD31 /* AddEntryVC.xib */ = {isa = PBXFileReference; fileEncoding = 4; lastKnownFileType = file.xib; path = AddEntryVC.xib; sourceTree = "<group>"; };
		FCE145221C84D75600215DA7 /* EntryViewController.swift */ = {isa = PBXFileReference; fileEncoding = 4; lastKnownFileType = sourcecode.swift; path = EntryViewController.swift; sourceTree = "<group>"; };
		FCE145241C84D9BE00215DA7 /* EntryViewController.xib */ = {isa = PBXFileReference; fileEncoding = 4; lastKnownFileType = file.xib; path = EntryViewController.xib; sourceTree = "<group>"; };
/* End PBXFileReference section */

/* Begin PBXFrameworksBuildPhase section */
		A5C470CB1CD087CC00E6AD22 /* Frameworks */ = {
			isa = PBXFrameworksBuildPhase;
			buildActionMask = 2147483647;
			files = (
			);
			runOnlyForDeploymentPostprocessing = 0;
		};
		A5FC09471C716B1700DF77D8 /* Frameworks */ = {
			isa = PBXFrameworksBuildPhase;
			buildActionMask = 2147483647;
			files = (
				A5B20B601CBDD1B10001F046 /* Social.framework in Frameworks */,
				A58EB85F1CB1840E0047D7DF /* CoreLocation.framework in Frameworks */,
				A5FC09601C716C7300DF77D8 /* MapKit.framework in Frameworks */,
			);
			runOnlyForDeploymentPostprocessing = 0;
		};
/* End PBXFrameworksBuildPhase section */

/* Begin PBXGroup section */
		A58EB8591CB1714B0047D7DF /* Helpers */ = {
			isa = PBXGroup;
			children = (
				A5C470D81CD0881C00E6AD22 /* SnapshotHelper.swift */,
				A58EB8611CB1C1350047D7DF /* UIScrollView+EmptyDataSet.h */,
				A58EB8621CB1C1350047D7DF /* UIScrollView+EmptyDataSet.m */,
				A58EB85A1CB171910047D7DF /* GPSHelper.swift */,
				A58EB85C1CB17CC50047D7DF /* SwiftSpinner.swift */,
				A58EB8601CB1C1340047D7DF /* Nomad-Bridging-Header.h */,
			);
			name = Helpers;
			sourceTree = "<group>";
		};
		A5C470A21CD0115000E6AD22 /* ImageZoom */ = {
			isa = PBXGroup;
			children = (
				A5C470A31CD0115000E6AD22 /* JTSAnimatedGIFUtility.h */,
				A5C470A41CD0115000E6AD22 /* JTSAnimatedGIFUtility.m */,
				A5C470A51CD0115000E6AD22 /* JTSImageInfo.h */,
				A5C470A61CD0115000E6AD22 /* JTSImageInfo.m */,
				A5C470A71CD0115000E6AD22 /* JTSImageViewController.h */,
				A5C470A81CD0115000E6AD22 /* JTSImageViewController.m */,
				A5C470A91CD0115000E6AD22 /* JTSSimpleImageDownloader.h */,
				A5C470AA1CD0115000E6AD22 /* JTSSimpleImageDownloader.m */,
				A5C470AB1CD0115000E6AD22 /* UIApplication+JTSImageViewController.h */,
				A5C470AC1CD0115000E6AD22 /* UIApplication+JTSImageViewController.m */,
				A5C470AD1CD0115000E6AD22 /* UIImage+JTSImageEffects.h */,
				A5C470AE1CD0115000E6AD22 /* UIImage+JTSImageEffects.m */,
			);
			name = ImageZoom;
			path = Helpers/ImageZoom;
			sourceTree = "<group>";
		};
		A5C470B51CD0118D00E6AD22 /* Sample Content */ = {
			isa = PBXGroup;
			children = (
				A5C470B61CD0119D00E6AD22 /* SampleData.swift */,
				A5C470B81CD011AC00E6AD22 /* bigben.jpg */,
				A5C470B91CD011AC00E6AD22 /* eifeltower.jpg */,
				A5C470BA1CD011AC00E6AD22 /* eye.jpg */,
				A5C470BB1CD011AC00E6AD22 /* guard.jpg */,
				A5C470BC1CD011AC00E6AD22 /* hostel.jpg */,
				A5C470BD1CD011AC00E6AD22 /* londonairport.jpg */,
				A5C470BE1CD011AC00E6AD22 /* lovebridge.jpg */,
				A5C470BF1CD011AC00E6AD22 /* parisairport.jpg */,
				A5C470C01CD011AC00E6AD22 /* phone.jpg */,
			);
			name = "Sample Content";
			sourceTree = "<group>";
		};
		A5C470CF1CD087CD00E6AD22 /* NomadUITests */ = {
			isa = PBXGroup;
			children = (
				A5C470D01CD087CD00E6AD22 /* NomadUITests.swift */,
				A5C470D21CD087CD00E6AD22 /* Info.plist */,
			);
			path = NomadUITests;
			sourceTree = "<group>";
		};
		A5DF20FB1C7F8860009EBCC9 /* View Controllers */ = {
			isa = PBXGroup;
			children = (
				A5DF21161C7F89A7009EBCC9 /* Entries */,
				A5DF21151C7F899A009EBCC9 /* Trips */,
				A5DF20F71C7F8855009EBCC9 /* HomeViewController.swift */,
				A5DF20F81C7F8855009EBCC9 /* HomeViewController.xib */,
				A5DF21111C7F8987009EBCC9 /* MapViewController.swift */,
				A5DF21121C7F8987009EBCC9 /* MapViewController.xib */,
			);
			path = "View Controllers";
			sourceTree = "<group>";
		};
		A5DF20FC1C7F8883009EBCC9 /* Models */ = {
			isa = PBXGroup;
			children = (
				A5D8FD6D1C795A4F0043EEF2 /* Trip.swift */,
				A5D8FD6F1C795A880043EEF2 /* Entry.swift */,
				A5D8FD731C795AC30043EEF2 /* Model.swift */,
				A5D8FD711C795AAF0043EEF2 /* Photo.swift */,
			);
			path = Models;
			sourceTree = "<group>";
		};
		A5DF21151C7F899A009EBCC9 /* Trips */ = {
			isa = PBXGroup;
			children = (
				A5DF21051C7F892C009EBCC9 /* AddTripViewController.swift */,
				A5DF21061C7F892C009EBCC9 /* AddTripViewController.xib */,
				A5DF21011C7F88E3009EBCC9 /* TripViewController.swift */,
				A5DF21021C7F88E3009EBCC9 /* TripViewController.xib */,
				A5DF20FD1C7F88C1009EBCC9 /* TripsTableViewController.swift */,
				A5DF20FE1C7F88C1009EBCC9 /* TripsTableViewController.xib */,
			);
			path = Trips;
			sourceTree = "<group>";
		};
		A5DF21161C7F89A7009EBCC9 /* Entries */ = {
			isa = PBXGroup;
			children = (
				A5DF21091C7F8940009EBCC9 /* AddEntryViewController.swift */,
				A5DF210A1C7F8940009EBCC9 /* AddEntryViewController.xib */,
				A5DF210D1C7F895E009EBCC9 /* EntryTableViewController.swift */,
				A5DF210E1C7F895E009EBCC9 /* EntryTableViewController.xib */,
				FCE145221C84D75600215DA7 /* EntryViewController.swift */,
				FCE145241C84D9BE00215DA7 /* EntryViewController.xib */,
				FC7B92C81CCF3A63008AAD31 /* AddEntryVC.swift */,
				FC7B92CC1CCF3AC4008AAD31 /* AddEntryVC.xib */,
			);
			path = Entries;
			sourceTree = "<group>";
		};
		A5FC09411C716B1700DF77D8 = {
			isa = PBXGroup;
			children = (
				A5C470B51CD0118D00E6AD22 /* Sample Content */,
				A5C470A21CD0115000E6AD22 /* ImageZoom */,
				A5B20B5F1CBDD1B10001F046 /* Social.framework */,
				A5672E031CBC8A6700ACC336 /* basictitlefont.ttf */,
				A58EB85E1CB1840E0047D7DF /* CoreLocation.framework */,
				A58EB8591CB1714B0047D7DF /* Helpers */,
				A5DF20FC1C7F8883009EBCC9 /* Models */,
				A5FC094C1C716B1700DF77D8 /* Nomad */,
				A5C470CF1CD087CD00E6AD22 /* NomadUITests */,
				A5FC094B1C716B1700DF77D8 /* Products */,
				A5DF20FB1C7F8860009EBCC9 /* View Controllers */,
				A5FC095F1C716C7300DF77D8 /* MapKit.framework */,
			);
			sourceTree = "<group>";
			usesTabs = 0;
		};
		A5FC094B1C716B1700DF77D8 /* Products */ = {
			isa = PBXGroup;
			children = (
				A5FC094A1C716B1700DF77D8 /* Nomad.app */,
				A5C470CE1CD087CC00E6AD22 /* NomadUITests.xctest */,
			);
			name = Products;
			sourceTree = "<group>";
		};
		A5FC094C1C716B1700DF77D8 /* Nomad */ = {
			isa = PBXGroup;
			children = (
				A5FC094D1C716B1700DF77D8 /* AppDelegate.swift */,
				A5FC09541C716B1700DF77D8 /* Assets.xcassets */,
				A5FC09591C716B1700DF77D8 /* Info.plist */,
				A5FC09561C716B1700DF77D8 /* LaunchScreen.storyboard */,
				A5FC094F1C716B1700DF77D8 /* ViewController.swift */,
			);
			path = Nomad;
			sourceTree = "<group>";
		};
/* End PBXGroup section */

/* Begin PBXNativeTarget section */
		A5C470CD1CD087CC00E6AD22 /* NomadUITests */ = {
			isa = PBXNativeTarget;
			buildConfigurationList = A5C470D51CD087CD00E6AD22 /* Build configuration list for PBXNativeTarget "NomadUITests" */;
			buildPhases = (
				A5C470CA1CD087CC00E6AD22 /* Sources */,
				A5C470CB1CD087CC00E6AD22 /* Frameworks */,
				A5C470CC1CD087CC00E6AD22 /* Resources */,
			);
			buildRules = (
			);
			dependencies = (
				A5C470D41CD087CD00E6AD22 /* PBXTargetDependency */,
			);
			name = NomadUITests;
			productName = NomadUITests;
			productReference = A5C470CE1CD087CC00E6AD22 /* NomadUITests.xctest */;
			productType = "com.apple.product-type.bundle.ui-testing";
		};
		A5FC09491C716B1700DF77D8 /* Nomad */ = {
			isa = PBXNativeTarget;
			buildConfigurationList = A5FC095C1C716B1700DF77D8 /* Build configuration list for PBXNativeTarget "Nomad" */;
			buildPhases = (
				A5FC09461C716B1700DF77D8 /* Sources */,
				A5FC09471C716B1700DF77D8 /* Frameworks */,
				A5FC09481C716B1700DF77D8 /* Resources */,
			);
			buildRules = (
			);
			dependencies = (
			);
			name = Nomad;
			productName = Nomad;
			productReference = A5FC094A1C716B1700DF77D8 /* Nomad.app */;
			productType = "com.apple.product-type.application";
		};
/* End PBXNativeTarget section */

/* Begin PBXProject section */
		A5FC09421C716B1700DF77D8 /* Project object */ = {
			isa = PBXProject;
			attributes = {
				LastSwiftUpdateCheck = 0730;
				LastUpgradeCheck = 0720;
				ORGANIZATIONNAME = "Team 9";
				TargetAttributes = {
					A5C470CD1CD087CC00E6AD22 = {
						CreatedOnToolsVersion = 7.3;
						TestTargetID = A5FC09491C716B1700DF77D8;
					};
					A5FC09491C716B1700DF77D8 = {
						CreatedOnToolsVersion = 7.2.1;
						DevelopmentTeam = HT7ELV3Q35;
						SystemCapabilities = {
							com.apple.Maps.iOS = {
								enabled = 1;
							};
						};
					};
				};
			};
			buildConfigurationList = A5FC09451C716B1700DF77D8 /* Build configuration list for PBXProject "Nomad" */;
			compatibilityVersion = "Xcode 3.2";
			developmentRegion = English;
			hasScannedForEncodings = 0;
			knownRegions = (
				en,
				Base,
			);
			mainGroup = A5FC09411C716B1700DF77D8;
			productRefGroup = A5FC094B1C716B1700DF77D8 /* Products */;
			projectDirPath = "";
			projectRoot = "";
			targets = (
				A5FC09491C716B1700DF77D8 /* Nomad */,
				A5C470CD1CD087CC00E6AD22 /* NomadUITests */,
			);
		};
/* End PBXProject section */

/* Begin PBXResourcesBuildPhase section */
		A5C470CC1CD087CC00E6AD22 /* Resources */ = {
			isa = PBXResourcesBuildPhase;
			buildActionMask = 2147483647;
			files = (
			);
			runOnlyForDeploymentPostprocessing = 0;
		};
		A5FC09481C716B1700DF77D8 /* Resources */ = {
			isa = PBXResourcesBuildPhase;
			buildActionMask = 2147483647;
			files = (
				A5672E041CBC8A6700ACC336 /* basictitlefont.ttf in Resources */,
				A5C470C61CD011AC00E6AD22 /* londonairport.jpg in Resources */,
				A5DF21001C7F88C1009EBCC9 /* TripsTableViewController.xib in Resources */,
				A5DF21041C7F88E3009EBCC9 /* TripViewController.xib in Resources */,
				A5DF21101C7F895E009EBCC9 /* EntryTableViewController.xib in Resources */,
				A5DF21141C7F8987009EBCC9 /* MapViewController.xib in Resources */,
				A5FC09581C716B1700DF77D8 /* LaunchScreen.storyboard in Resources */,
				A5C470C81CD011AC00E6AD22 /* parisairport.jpg in Resources */,
				A5FC09551C716B1700DF77D8 /* Assets.xcassets in Resources */,
				A5C470C21CD011AC00E6AD22 /* eifeltower.jpg in Resources */,
				FC7B92CD1CCF3AC4008AAD31 /* AddEntryVC.xib in Resources */,
				A5C470C31CD011AC00E6AD22 /* eye.jpg in Resources */,
				A5DF210C1C7F8940009EBCC9 /* AddEntryViewController.xib in Resources */,
				A5C470C41CD011AC00E6AD22 /* guard.jpg in Resources */,
				FCE145251C84D9BE00215DA7 /* EntryViewController.xib in Resources */,
				A5C470C71CD011AC00E6AD22 /* lovebridge.jpg in Resources */,
				A5DF20FA1C7F8855009EBCC9 /* HomeViewController.xib in Resources */,
				A5C470C91CD011AC00E6AD22 /* phone.jpg in Resources */,
				A5C470C51CD011AC00E6AD22 /* hostel.jpg in Resources */,
				A5DF21081C7F892C009EBCC9 /* AddTripViewController.xib in Resources */,
				A5C470C11CD011AC00E6AD22 /* bigben.jpg in Resources */,
			);
			runOnlyForDeploymentPostprocessing = 0;
		};
/* End PBXResourcesBuildPhase section */

/* Begin PBXSourcesBuildPhase section */
		A5C470CA1CD087CC00E6AD22 /* Sources */ = {
			isa = PBXSourcesBuildPhase;
			buildActionMask = 2147483647;
			files = (
				A5C470D11CD087CD00E6AD22 /* NomadUITests.swift in Sources */,
				A5C470DA1CD0883800E6AD22 /* SnapshotHelper.swift in Sources */,
			);
			runOnlyForDeploymentPostprocessing = 0;
		};
		A5FC09461C716B1700DF77D8 /* Sources */ = {
			isa = PBXSourcesBuildPhase;
			buildActionMask = 2147483647;
			files = (
				A5D8FD701C795A880043EEF2 /* Entry.swift in Sources */,
				A5D8FD6E1C795A4F0043EEF2 /* Trip.swift in Sources */,
				A5DF20FF1C7F88C1009EBCC9 /* TripsTableViewController.swift in Sources */,
				FC7B92C91CCF3A63008AAD31 /* AddEntryVC.swift in Sources */,
				A58EB85B1CB171910047D7DF /* GPSHelper.swift in Sources */,
				A5C470B01CD0115000E6AD22 /* JTSImageInfo.m in Sources */,
				FCE145231C84D75600215DA7 /* EntryViewController.swift in Sources */,
				A58EB85D1CB17CC50047D7DF /* SwiftSpinner.swift in Sources */,
				A5DF21031C7F88E3009EBCC9 /* TripViewController.swift in Sources */,
				A5DF210B1C7F8940009EBCC9 /* AddEntryViewController.swift in Sources */,
				A5C470B21CD0115000E6AD22 /* JTSSimpleImageDownloader.m in Sources */,
				A5C470AF1CD0115000E6AD22 /* JTSAnimatedGIFUtility.m in Sources */,
				A5FC09501C716B1700DF77D8 /* ViewController.swift in Sources */,
				A5DF21131C7F8987009EBCC9 /* MapViewController.swift in Sources */,
				A5DF21071C7F892C009EBCC9 /* AddTripViewController.swift in Sources */,
				A5D8FD741C795AC30043EEF2 /* Model.swift in Sources */,
				A5FC094E1C716B1700DF77D8 /* AppDelegate.swift in Sources */,
				A5DF20F91C7F8855009EBCC9 /* HomeViewController.swift in Sources */,
				A5C470B71CD0119D00E6AD22 /* SampleData.swift in Sources */,
				A5C470B31CD0115000E6AD22 /* UIApplication+JTSImageViewController.m in Sources */,
				A5DF210F1C7F895E009EBCC9 /* EntryTableViewController.swift in Sources */,
				A5C470B41CD0115000E6AD22 /* UIImage+JTSImageEffects.m in Sources */,
				A58EB8631CB1C1350047D7DF /* UIScrollView+EmptyDataSet.m in Sources */,
				A5D8FD721C795AAF0043EEF2 /* Photo.swift in Sources */,
				A5C470B11CD0115000E6AD22 /* JTSImageViewController.m in Sources */,
			);
			runOnlyForDeploymentPostprocessing = 0;
		};
/* End PBXSourcesBuildPhase section */

/* Begin PBXTargetDependency section */
		A5C470D41CD087CD00E6AD22 /* PBXTargetDependency */ = {
			isa = PBXTargetDependency;
			target = A5FC09491C716B1700DF77D8 /* Nomad */;
			targetProxy = A5C470D31CD087CD00E6AD22 /* PBXContainerItemProxy */;
		};
/* End PBXTargetDependency section */

/* Begin PBXVariantGroup section */
		A5FC09561C716B1700DF77D8 /* LaunchScreen.storyboard */ = {
			isa = PBXVariantGroup;
			children = (
				A5FC09571C716B1700DF77D8 /* Base */,
			);
			name = LaunchScreen.storyboard;
			path = .;
			sourceTree = "<group>";
		};
/* End PBXVariantGroup section */

/* Begin XCBuildConfiguration section */
		A5C470D61CD087CD00E6AD22 /* Debug */ = {
			isa = XCBuildConfiguration;
			buildSettings = {
				CLANG_ANALYZER_NONNULL = YES;
				INFOPLIST_FILE = NomadUITests/Info.plist;
				IPHONEOS_DEPLOYMENT_TARGET = 9.3;
				LD_RUNPATH_SEARCH_PATHS = "$(inherited) @executable_path/Frameworks @loader_path/Frameworks";
				PRODUCT_BUNDLE_IDENTIFIER = com.kristinbeese.NomadUITests;
				PRODUCT_NAME = "$(TARGET_NAME)";
				TEST_TARGET_NAME = Nomad;
			};
			name = Debug;
		};
		A5C470D71CD087CD00E6AD22 /* Release */ = {
			isa = XCBuildConfiguration;
			buildSettings = {
				CLANG_ANALYZER_NONNULL = YES;
				INFOPLIST_FILE = NomadUITests/Info.plist;
				IPHONEOS_DEPLOYMENT_TARGET = 9.3;
				LD_RUNPATH_SEARCH_PATHS = "$(inherited) @executable_path/Frameworks @loader_path/Frameworks";
				PRODUCT_BUNDLE_IDENTIFIER = com.kristinbeese.NomadUITests;
				PRODUCT_NAME = "$(TARGET_NAME)";
				TEST_TARGET_NAME = Nomad;
			};
			name = Release;
		};
		A5FC095A1C716B1700DF77D8 /* Debug */ = {
			isa = XCBuildConfiguration;
			buildSettings = {
				ALWAYS_SEARCH_USER_PATHS = NO;
				CLANG_CXX_LANGUAGE_STANDARD = "gnu++0x";
				CLANG_CXX_LIBRARY = "libc++";
				CLANG_ENABLE_MODULES = YES;
				CLANG_ENABLE_OBJC_ARC = YES;
				CLANG_WARN_BOOL_CONVERSION = YES;
				CLANG_WARN_CONSTANT_CONVERSION = YES;
				CLANG_WARN_DIRECT_OBJC_ISA_USAGE = YES_ERROR;
				CLANG_WARN_EMPTY_BODY = YES;
				CLANG_WARN_ENUM_CONVERSION = YES;
				CLANG_WARN_INT_CONVERSION = YES;
				CLANG_WARN_OBJC_ROOT_CLASS = YES_ERROR;
				CLANG_WARN_UNREACHABLE_CODE = YES;
				CLANG_WARN__DUPLICATE_METHOD_MATCH = YES;
				"CODE_SIGN_IDENTITY[sdk=iphoneos*]" = "iPhone Developer";
				COPY_PHASE_STRIP = NO;
				DEBUG_INFORMATION_FORMAT = dwarf;
				ENABLE_STRICT_OBJC_MSGSEND = YES;
				ENABLE_TESTABILITY = YES;
				GCC_C_LANGUAGE_STANDARD = gnu99;
				GCC_DYNAMIC_NO_PIC = NO;
				GCC_NO_COMMON_BLOCKS = YES;
				GCC_OPTIMIZATION_LEVEL = 0;
				GCC_PREPROCESSOR_DEFINITIONS = (
					"DEBUG=1",
					"$(inherited)",
				);
				GCC_WARN_64_TO_32_BIT_CONVERSION = YES;
				GCC_WARN_ABOUT_RETURN_TYPE = YES_ERROR;
				GCC_WARN_UNDECLARED_SELECTOR = YES;
				GCC_WARN_UNINITIALIZED_AUTOS = YES_AGGRESSIVE;
				GCC_WARN_UNUSED_FUNCTION = YES;
				GCC_WARN_UNUSED_VARIABLE = YES;
				IPHONEOS_DEPLOYMENT_TARGET = 9.0;
				MTL_ENABLE_DEBUG_INFO = YES;
				ONLY_ACTIVE_ARCH = YES;
				SDKROOT = iphoneos;
				SWIFT_OPTIMIZATION_LEVEL = "-Onone";
				TARGETED_DEVICE_FAMILY = "1,2";
			};
			name = Debug;
		};
		A5FC095B1C716B1700DF77D8 /* Release */ = {
			isa = XCBuildConfiguration;
			buildSettings = {
				ALWAYS_SEARCH_USER_PATHS = NO;
				CLANG_CXX_LANGUAGE_STANDARD = "gnu++0x";
				CLANG_CXX_LIBRARY = "libc++";
				CLANG_ENABLE_MODULES = YES;
				CLANG_ENABLE_OBJC_ARC = YES;
				CLANG_WARN_BOOL_CONVERSION = YES;
				CLANG_WARN_CONSTANT_CONVERSION = YES;
				CLANG_WARN_DIRECT_OBJC_ISA_USAGE = YES_ERROR;
				CLANG_WARN_EMPTY_BODY = YES;
				CLANG_WARN_ENUM_CONVERSION = YES;
				CLANG_WARN_INT_CONVERSION = YES;
				CLANG_WARN_OBJC_ROOT_CLASS = YES_ERROR;
				CLANG_WARN_UNREACHABLE_CODE = YES;
				CLANG_WARN__DUPLICATE_METHOD_MATCH = YES;
				"CODE_SIGN_IDENTITY[sdk=iphoneos*]" = "iPhone Developer";
				COPY_PHASE_STRIP = NO;
				DEBUG_INFORMATION_FORMAT = "dwarf-with-dsym";
				ENABLE_NS_ASSERTIONS = NO;
				ENABLE_STRICT_OBJC_MSGSEND = YES;
				GCC_C_LANGUAGE_STANDARD = gnu99;
				GCC_NO_COMMON_BLOCKS = YES;
				GCC_WARN_64_TO_32_BIT_CONVERSION = YES;
				GCC_WARN_ABOUT_RETURN_TYPE = YES_ERROR;
				GCC_WARN_UNDECLARED_SELECTOR = YES;
				GCC_WARN_UNINITIALIZED_AUTOS = YES_AGGRESSIVE;
				GCC_WARN_UNUSED_FUNCTION = YES;
				GCC_WARN_UNUSED_VARIABLE = YES;
				IPHONEOS_DEPLOYMENT_TARGET = 9.0;
				MTL_ENABLE_DEBUG_INFO = NO;
				SDKROOT = iphoneos;
				TARGETED_DEVICE_FAMILY = "1,2";
				VALIDATE_PRODUCT = YES;
			};
			name = Release;
		};
		A5FC095D1C716B1700DF77D8 /* Debug */ = {
			isa = XCBuildConfiguration;
			buildSettings = {
				ASSETCATALOG_COMPILER_APPICON_NAME = AppIcon;
				CLANG_ENABLE_MODULES = YES;
				CODE_SIGN_IDENTITY = "iPhone Developer";
				INFOPLIST_FILE = Nomad/Info.plist;
				IPHONEOS_DEPLOYMENT_TARGET = 9.0;
				LD_RUNPATH_SEARCH_PATHS = "$(inherited) @executable_path/Frameworks";
				PRODUCT_BUNDLE_IDENTIFIER = edu.purdue.cs307.team9.Nomad;
				PRODUCT_NAME = "$(TARGET_NAME)";
				SWIFT_OBJC_BRIDGING_HEADER = "Nomad-Bridging-Header.h";
				SWIFT_OPTIMIZATION_LEVEL = "-Onone";
			};
			name = Debug;
		};
		A5FC095E1C716B1700DF77D8 /* Release */ = {
			isa = XCBuildConfiguration;
			buildSettings = {
				ASSETCATALOG_COMPILER_APPICON_NAME = AppIcon;
				CLANG_ENABLE_MODULES = YES;
				CODE_SIGN_IDENTITY = "iPhone Developer";
				INFOPLIST_FILE = Nomad/Info.plist;
				IPHONEOS_DEPLOYMENT_TARGET = 9.0;
				LD_RUNPATH_SEARCH_PATHS = "$(inherited) @executable_path/Frameworks";
				PRODUCT_BUNDLE_IDENTIFIER = edu.purdue.cs307.team9.Nomad;
				PRODUCT_NAME = "$(TARGET_NAME)";
				SWIFT_OBJC_BRIDGING_HEADER = "Nomad-Bridging-Header.h";
			};
			name = Release;
		};
/* End XCBuildConfiguration section */

/* Begin XCConfigurationList section */
		A5C470D51CD087CD00E6AD22 /* Build configuration list for PBXNativeTarget "NomadUITests" */ = {
			isa = XCConfigurationList;
			buildConfigurations = (
				A5C470D61CD087CD00E6AD22 /* Debug */,
				A5C470D71CD087CD00E6AD22 /* Release */,
			);
			defaultConfigurationIsVisible = 0;
		};
		A5FC09451C716B1700DF77D8 /* Build configuration list for PBXProject "Nomad" */ = {
			isa = XCConfigurationList;
			buildConfigurations = (
				A5FC095A1C716B1700DF77D8 /* Debug */,
				A5FC095B1C716B1700DF77D8 /* Release */,
			);
			defaultConfigurationIsVisible = 0;
			defaultConfigurationName = Release;
		};
		A5FC095C1C716B1700DF77D8 /* Build configuration list for PBXNativeTarget "Nomad" */ = {
			isa = XCConfigurationList;
			buildConfigurations = (
				A5FC095D1C716B1700DF77D8 /* Debug */,
				A5FC095E1C716B1700DF77D8 /* Release */,
			);
			defaultConfigurationIsVisible = 0;
			defaultConfigurationName = Release;
		};
/* End XCConfigurationList section */
	};
	rootObject = A5FC09421C716B1700DF77D8 /* Project object */;
}
